// !$*UTF8*$!
{
	archiveVersion = 1;
	classes = {
	};
	objectVersion = 56;
	objects = {

/* Begin PBXBuildFile section */
		151EA0DF2A18E0780010CB73 /* RoundedTextField.swift in Sources */ = {isa = PBXBuildFile; fileRef = 151EA0DE2A18E0780010CB73 /* RoundedTextField.swift */; };
		159F57DA2A18B59200C724C6 /* WEB3APPApp.swift in Sources */ = {isa = PBXBuildFile; fileRef = 159F57D92A18B59200C724C6 /* WEB3APPApp.swift */; };
		159F57DC2A18B59200C724C6 /* ContentView.swift in Sources */ = {isa = PBXBuildFile; fileRef = 159F57DB2A18B59200C724C6 /* ContentView.swift */; };
		159F57DE2A18B59400C724C6 /* Assets.xcassets in Resources */ = {isa = PBXBuildFile; fileRef = 159F57DD2A18B59400C724C6 /* Assets.xcassets */; };
		159F57E12A18B59400C724C6 /* Preview Assets.xcassets in Resources */ = {isa = PBXBuildFile; fileRef = 159F57E02A18B59400C724C6 /* Preview Assets.xcassets */; };
		159F57F12A18C32800C724C6 /* HomeView.swift in Sources */ = {isa = PBXBuildFile; fileRef = 159F57F02A18C32800C724C6 /* HomeView.swift */; };
		159F57F32A18C45A00C724C6 /* Wallet.swift in Sources */ = {isa = PBXBuildFile; fileRef = 159F57F22A18C45A00C724C6 /* Wallet.swift */; };
		159F57F92A18C5AC00C724C6 /* HomeViewModel.swift in Sources */ = {isa = PBXBuildFile; fileRef = 159F57F82A18C5AC00C724C6 /* HomeViewModel.swift */; };
		393DACE72A18C7C300952202 /* WalletConnect.swift in Sources */ = {isa = PBXBuildFile; fileRef = 393DACE62A18C7C300952202 /* WalletConnect.swift */; };
		393DACF02A18CBC400952202 /* WalletConnectSwift in Frameworks */ = {isa = PBXBuildFile; productRef = 393DACEF2A18CBC400952202 /* WalletConnectSwift */; };
/* End PBXBuildFile section */

/* Begin PBXFileReference section */
		151EA0DE2A18E0780010CB73 /* RoundedTextField.swift */ = {isa = PBXFileReference; lastKnownFileType = sourcecode.swift; path = RoundedTextField.swift; sourceTree = "<group>"; };
		159F57D62A18B59200C724C6 /* WEB3APP.app */ = {isa = PBXFileReference; explicitFileType = wrapper.application; includeInIndex = 0; path = WEB3APP.app; sourceTree = BUILT_PRODUCTS_DIR; };
		159F57D92A18B59200C724C6 /* WEB3APPApp.swift */ = {isa = PBXFileReference; lastKnownFileType = sourcecode.swift; path = WEB3APPApp.swift; sourceTree = "<group>"; };
		159F57DB2A18B59200C724C6 /* ContentView.swift */ = {isa = PBXFileReference; lastKnownFileType = sourcecode.swift; path = ContentView.swift; sourceTree = "<group>"; };
		159F57DD2A18B59400C724C6 /* Assets.xcassets */ = {isa = PBXFileReference; lastKnownFileType = folder.assetcatalog; path = Assets.xcassets; sourceTree = "<group>"; };
		159F57E02A18B59400C724C6 /* Preview Assets.xcassets */ = {isa = PBXFileReference; lastKnownFileType = folder.assetcatalog; path = "Preview Assets.xcassets"; sourceTree = "<group>"; };
		159F57F02A18C32800C724C6 /* HomeView.swift */ = {isa = PBXFileReference; lastKnownFileType = sourcecode.swift; path = HomeView.swift; sourceTree = "<group>"; };
		159F57F22A18C45A00C724C6 /* Wallet.swift */ = {isa = PBXFileReference; lastKnownFileType = sourcecode.swift; path = Wallet.swift; sourceTree = "<group>"; };
		159F57F82A18C5AC00C724C6 /* HomeViewModel.swift */ = {isa = PBXFileReference; lastKnownFileType = sourcecode.swift; path = HomeViewModel.swift; sourceTree = "<group>"; };
		393DACE62A18C7C300952202 /* WalletConnect.swift */ = {isa = PBXFileReference; lastKnownFileType = sourcecode.swift; path = WalletConnect.swift; sourceTree = "<group>"; };
/* End PBXFileReference section */

/* Begin PBXFrameworksBuildPhase section */
		159F57D32A18B59200C724C6 /* Frameworks */ = {
			isa = PBXFrameworksBuildPhase;
			buildActionMask = 2147483647;
			files = (
				393DACF02A18CBC400952202 /* WalletConnectSwift in Frameworks */,
			);
			runOnlyForDeploymentPostprocessing = 0;
		};
/* End PBXFrameworksBuildPhase section */

/* Begin PBXGroup section */
		151EA0DD2A18E06B0010CB73 /* Common */ = {
			isa = PBXGroup;
			children = (
				151EA0DE2A18E0780010CB73 /* RoundedTextField.swift */,
			);
			path = Common;
			sourceTree = "<group>";
		};
		159F57CD2A18B59200C724C6 = {
			isa = PBXGroup;
			children = (
				159F57D82A18B59200C724C6 /* WEB3APP */,
				159F57D72A18B59200C724C6 /* Products */,
			);
			sourceTree = "<group>";
		};
		159F57D72A18B59200C724C6 /* Products */ = {
			isa = PBXGroup;
			children = (
				159F57D62A18B59200C724C6 /* WEB3APP.app */,
			);
			name = Products;
			sourceTree = "<group>";
		};
		159F57D82A18B59200C724C6 /* WEB3APP */ = {
			isa = PBXGroup;
			children = (
				159F57D92A18B59200C724C6 /* WEB3APPApp.swift */,
				159F57EB2A18C2E300C724C6 /* Core */,
				159F57EA2A18C2D100C724C6 /* Extension */,
				159F57E92A18C2CD00C724C6 /* Model */,
				159F57DB2A18B59200C724C6 /* ContentView.swift */,
				159F57DD2A18B59400C724C6 /* Assets.xcassets */,
				159F57DF2A18B59400C724C6 /* Preview Content */,
			);
			path = WEB3APP;
			sourceTree = "<group>";
		};
		159F57DF2A18B59400C724C6 /* Preview Content */ = {
			isa = PBXGroup;
			children = (
				159F57E02A18B59400C724C6 /* Preview Assets.xcassets */,
			);
			path = "Preview Content";
			sourceTree = "<group>";
		};
		159F57E92A18C2CD00C724C6 /* Model */ = {
			isa = PBXGroup;
			children = (
				159F57F22A18C45A00C724C6 /* Wallet.swift */,
			);
			path = Model;
			sourceTree = "<group>";
		};
		159F57EA2A18C2D100C724C6 /* Extension */ = {
			isa = PBXGroup;
			children = (
			);
			path = Extension;
			sourceTree = "<group>";
		};
		159F57EB2A18C2E300C724C6 /* Core */ = {
			isa = PBXGroup;
			children = (
				151EA0DD2A18E06B0010CB73 /* Common */,
				159F57EC2A18C2FF00C724C6 /* HomeView */,
			);
			path = Core;
			sourceTree = "<group>";
		};
		159F57EC2A18C2FF00C724C6 /* HomeView */ = {
			isa = PBXGroup;
			children = (
				159F57EE2A18C31000C724C6 /* ViewModel */,
				159F57ED2A18C30D00C724C6 /* View */,
			);
			path = HomeView;
			sourceTree = "<group>";
		};
		159F57ED2A18C30D00C724C6 /* View */ = {
			isa = PBXGroup;
			children = (
				159F57F02A18C32800C724C6 /* HomeView.swift */,
			);
			path = View;
			sourceTree = "<group>";
		};
		159F57EE2A18C31000C724C6 /* ViewModel */ = {
			isa = PBXGroup;
			children = (
				159F57F82A18C5AC00C724C6 /* HomeViewModel.swift */,
				393DACE62A18C7C300952202 /* WalletConnect.swift */,
			);
			path = ViewModel;
			sourceTree = "<group>";
		};
/* End PBXGroup section */

/* Begin PBXNativeTarget section */
		159F57D52A18B59200C724C6 /* WEB3APP */ = {
			isa = PBXNativeTarget;
			buildConfigurationList = 159F57E42A18B59400C724C6 /* Build configuration list for PBXNativeTarget "WEB3APP" */;
			buildPhases = (
				159F57D22A18B59200C724C6 /* Sources */,
				159F57D32A18B59200C724C6 /* Frameworks */,
				159F57D42A18B59200C724C6 /* Resources */,
			);
			buildRules = (
			);
			dependencies = (
			);
			name = WEB3APP;
			packageProductDependencies = (
				393DACEF2A18CBC400952202 /* WalletConnectSwift */,
			);
			productName = WEB3APP;
			productReference = 159F57D62A18B59200C724C6 /* WEB3APP.app */;
			productType = "com.apple.product-type.application";
		};
/* End PBXNativeTarget section */

/* Begin PBXProject section */
		159F57CE2A18B59200C724C6 /* Project object */ = {
			isa = PBXProject;
			attributes = {
				BuildIndependentTargetsInParallel = 1;
				LastSwiftUpdateCheck = 1430;
				LastUpgradeCheck = 1430;
				TargetAttributes = {
					159F57D52A18B59200C724C6 = {
						CreatedOnToolsVersion = 14.3;
					};
				};
			};
			buildConfigurationList = 159F57D12A18B59200C724C6 /* Build configuration list for PBXProject "WEB3APP" */;
			compatibilityVersion = "Xcode 14.0";
			developmentRegion = en;
			hasScannedForEncodings = 0;
			knownRegions = (
				en,
				Base,
			);
			mainGroup = 159F57CD2A18B59200C724C6;
			packageReferences = (
				393DACEE2A18CBC400952202 /* XCRemoteSwiftPackageReference "WalletConnectSwift" */,
			);
			productRefGroup = 159F57D72A18B59200C724C6 /* Products */;
			projectDirPath = "";
			projectRoot = "";
			targets = (
				159F57D52A18B59200C724C6 /* WEB3APP */,
			);
		};
/* End PBXProject section */

/* Begin PBXResourcesBuildPhase section */
		159F57D42A18B59200C724C6 /* Resources */ = {
			isa = PBXResourcesBuildPhase;
			buildActionMask = 2147483647;
			files = (
				159F57E12A18B59400C724C6 /* Preview Assets.xcassets in Resources */,
				159F57DE2A18B59400C724C6 /* Assets.xcassets in Resources */,
			);
			runOnlyForDeploymentPostprocessing = 0;
		};
/* End PBXResourcesBuildPhase section */

/* Begin PBXSourcesBuildPhase section */
		159F57D22A18B59200C724C6 /* Sources */ = {
			isa = PBXSourcesBuildPhase;
			buildActionMask = 2147483647;
			files = (
				159F57F32A18C45A00C724C6 /* Wallet.swift in Sources */,
				159F57F12A18C32800C724C6 /* HomeView.swift in Sources */,
				159F57DC2A18B59200C724C6 /* ContentView.swift in Sources */,
				159F57F92A18C5AC00C724C6 /* HomeViewModel.swift in Sources */,
				151EA0DF2A18E0780010CB73 /* RoundedTextField.swift in Sources */,
				159F57DA2A18B59200C724C6 /* WEB3APPApp.swift in Sources */,
				393DACE72A18C7C300952202 /* WalletConnect.swift in Sources */,
			);
			runOnlyForDeploymentPostprocessing = 0;
		};
/* End PBXSourcesBuildPhase section */

/* Begin XCBuildConfiguration section */
		159F57E22A18B59400C724C6 /* Debug */ = {
			isa = XCBuildConfiguration;
			buildSettings = {
				ALWAYS_SEARCH_USER_PATHS = NO;
				CLANG_ANALYZER_NONNULL = YES;
				CLANG_ANALYZER_NUMBER_OBJECT_CONVERSION = YES_AGGRESSIVE;
				CLANG_CXX_LANGUAGE_STANDARD = "gnu++20";
				CLANG_ENABLE_MODULES = YES;
				CLANG_ENABLE_OBJC_ARC = YES;
				CLANG_ENABLE_OBJC_WEAK = YES;
				CLANG_WARN_BLOCK_CAPTURE_AUTORELEASING = YES;
				CLANG_WARN_BOOL_CONVERSION = YES;
				CLANG_WARN_COMMA = YES;
				CLANG_WARN_CONSTANT_CONVERSION = YES;
				CLANG_WARN_DEPRECATED_OBJC_IMPLEMENTATIONS = YES;
				CLANG_WARN_DIRECT_OBJC_ISA_USAGE = YES_ERROR;
				CLANG_WARN_DOCUMENTATION_COMMENTS = YES;
				CLANG_WARN_EMPTY_BODY = YES;
				CLANG_WARN_ENUM_CONVERSION = YES;
				CLANG_WARN_INFINITE_RECURSION = YES;
				CLANG_WARN_INT_CONVERSION = YES;
				CLANG_WARN_NON_LITERAL_NULL_CONVERSION = YES;
				CLANG_WARN_OBJC_IMPLICIT_RETAIN_SELF = YES;
				CLANG_WARN_OBJC_LITERAL_CONVERSION = YES;
				CLANG_WARN_OBJC_ROOT_CLASS = YES_ERROR;
				CLANG_WARN_QUOTED_INCLUDE_IN_FRAMEWORK_HEADER = YES;
				CLANG_WARN_RANGE_LOOP_ANALYSIS = YES;
				CLANG_WARN_STRICT_PROTOTYPES = YES;
				CLANG_WARN_SUSPICIOUS_MOVE = YES;
				CLANG_WARN_UNGUARDED_AVAILABILITY = YES_AGGRESSIVE;
				CLANG_WARN_UNREACHABLE_CODE = YES;
				CLANG_WARN__DUPLICATE_METHOD_MATCH = YES;
				COPY_PHASE_STRIP = NO;
				DEBUG_INFORMATION_FORMAT = dwarf;
				ENABLE_STRICT_OBJC_MSGSEND = YES;
				ENABLE_TESTABILITY = YES;
				GCC_C_LANGUAGE_STANDARD = gnu11;
				GCC_DYNAMIC_NO_PIC = NO;
				GCC_NO_COMMON_BLOCKS = YES;
				GCC_OPTIMIZATION_LEVEL = 0;
				GCC_PREPROCESSOR_DEFINITIONS = (
					"DEBUG=1",
					"$(inherited)",
				);
				GCC_WARN_64_TO_32_BIT_CONVERSION = YES;
				GCC_WARN_ABOUT_RETURN_TYPE = YES_ERROR;
				GCC_WARN_UNDECLARED_SELECTOR = YES;
				GCC_WARN_UNINITIALIZED_AUTOS = YES_AGGRESSIVE;
				GCC_WARN_UNUSED_FUNCTION = YES;
				GCC_WARN_UNUSED_VARIABLE = YES;
				IPHONEOS_DEPLOYMENT_TARGET = 16.4;
				MTL_ENABLE_DEBUG_INFO = INCLUDE_SOURCE;
				MTL_FAST_MATH = YES;
				ONLY_ACTIVE_ARCH = YES;
				SDKROOT = iphoneos;
				SWIFT_ACTIVE_COMPILATION_CONDITIONS = DEBUG;
				SWIFT_OPTIMIZATION_LEVEL = "-Onone";
			};
			name = Debug;
		};
		159F57E32A18B59400C724C6 /* Release */ = {
			isa = XCBuildConfiguration;
			buildSettings = {
				ALWAYS_SEARCH_USER_PATHS = NO;
				CLANG_ANALYZER_NONNULL = YES;
				CLANG_ANALYZER_NUMBER_OBJECT_CONVERSION = YES_AGGRESSIVE;
				CLANG_CXX_LANGUAGE_STANDARD = "gnu++20";
				CLANG_ENABLE_MODULES = YES;
				CLANG_ENABLE_OBJC_ARC = YES;
				CLANG_ENABLE_OBJC_WEAK = YES;
				CLANG_WARN_BLOCK_CAPTURE_AUTORELEASING = YES;
				CLANG_WARN_BOOL_CONVERSION = YES;
				CLANG_WARN_COMMA = YES;
				CLANG_WARN_CONSTANT_CONVERSION = YES;
				CLANG_WARN_DEPRECATED_OBJC_IMPLEMENTATIONS = YES;
				CLANG_WARN_DIRECT_OBJC_ISA_USAGE = YES_ERROR;
				CLANG_WARN_DOCUMENTATION_COMMENTS = YES;
				CLANG_WARN_EMPTY_BODY = YES;
				CLANG_WARN_ENUM_CONVERSION = YES;
				CLANG_WARN_INFINITE_RECURSION = YES;
				CLANG_WARN_INT_CONVERSION = YES;
				CLANG_WARN_NON_LITERAL_NULL_CONVERSION = YES;
				CLANG_WARN_OBJC_IMPLICIT_RETAIN_SELF = YES;
				CLANG_WARN_OBJC_LITERAL_CONVERSION = YES;
				CLANG_WARN_OBJC_ROOT_CLASS = YES_ERROR;
				CLANG_WARN_QUOTED_INCLUDE_IN_FRAMEWORK_HEADER = YES;
				CLANG_WARN_RANGE_LOOP_ANALYSIS = YES;
				CLANG_WARN_STRICT_PROTOTYPES = YES;
				CLANG_WARN_SUSPICIOUS_MOVE = YES;
				CLANG_WARN_UNGUARDED_AVAILABILITY = YES_AGGRESSIVE;
				CLANG_WARN_UNREACHABLE_CODE = YES;
				CLANG_WARN__DUPLICATE_METHOD_MATCH = YES;
				COPY_PHASE_STRIP = NO;
				DEBUG_INFORMATION_FORMAT = "dwarf-with-dsym";
				ENABLE_NS_ASSERTIONS = NO;
				ENABLE_STRICT_OBJC_MSGSEND = YES;
				GCC_C_LANGUAGE_STANDARD = gnu11;
				GCC_NO_COMMON_BLOCKS = YES;
				GCC_WARN_64_TO_32_BIT_CONVERSION = YES;
				GCC_WARN_ABOUT_RETURN_TYPE = YES_ERROR;
				GCC_WARN_UNDECLARED_SELECTOR = YES;
				GCC_WARN_UNINITIALIZED_AUTOS = YES_AGGRESSIVE;
				GCC_WARN_UNUSED_FUNCTION = YES;
				GCC_WARN_UNUSED_VARIABLE = YES;
				IPHONEOS_DEPLOYMENT_TARGET = 16.4;
				MTL_ENABLE_DEBUG_INFO = NO;
				MTL_FAST_MATH = YES;
				SDKROOT = iphoneos;
				SWIFT_COMPILATION_MODE = wholemodule;
				SWIFT_OPTIMIZATION_LEVEL = "-O";
				VALIDATE_PRODUCT = YES;
			};
			name = Release;
		};
		159F57E52A18B59400C724C6 /* Debug */ = {
			isa = XCBuildConfiguration;
			buildSettings = {
				ASSETCATALOG_COMPILER_APPICON_NAME = AppIcon;
				ASSETCATALOG_COMPILER_GLOBAL_ACCENT_COLOR_NAME = AccentColor;
				CODE_SIGN_STYLE = Automatic;
				CURRENT_PROJECT_VERSION = 1;
				DEVELOPMENT_ASSET_PATHS = "\"WEB3APP/Preview Content\"";
				DEVELOPMENT_TEAM = WX7Z7T8KYD;
				ENABLE_PREVIEWS = YES;
				GENERATE_INFOPLIST_FILE = YES;
				INFOPLIST_KEY_UIApplicationSceneManifest_Generation = YES;
				INFOPLIST_KEY_UIApplicationSupportsIndirectInputEvents = YES;
				INFOPLIST_KEY_UILaunchScreen_Generation = YES;
				INFOPLIST_KEY_UISupportedInterfaceOrientations_iPad = "UIInterfaceOrientationPortrait UIInterfaceOrientationPortraitUpsideDown UIInterfaceOrientationLandscapeLeft UIInterfaceOrientationLandscapeRight";
				INFOPLIST_KEY_UISupportedInterfaceOrientations_iPhone = "UIInterfaceOrientationPortrait UIInterfaceOrientationLandscapeLeft UIInterfaceOrientationLandscapeRight";
				LD_RUNPATH_SEARCH_PATHS = (
					"$(inherited)",
					"@executable_path/Frameworks",
				);
				MARKETING_VERSION = 1.0;
				PRODUCT_BUNDLE_IDENTIFIER = timur.web3app;
				PRODUCT_NAME = "$(TARGET_NAME)";
				SWIFT_EMIT_LOC_STRINGS = YES;
				SWIFT_VERSION = 5.0;
				TARGETED_DEVICE_FAMILY = "1,2";
			};
			name = Debug;
		};
		159F57E62A18B59400C724C6 /* Release */ = {
			isa = XCBuildConfiguration;
			buildSettings = {
				ASSETCATALOG_COMPILER_APPICON_NAME = AppIcon;
				ASSETCATALOG_COMPILER_GLOBAL_ACCENT_COLOR_NAME = AccentColor;
				CODE_SIGN_STYLE = Automatic;
				CURRENT_PROJECT_VERSION = 1;
				DEVELOPMENT_ASSET_PATHS = "\"WEB3APP/Preview Content\"";
				DEVELOPMENT_TEAM = WX7Z7T8KYD;
				ENABLE_PREVIEWS = YES;
				GENERATE_INFOPLIST_FILE = YES;
				INFOPLIST_KEY_UIApplicationSceneManifest_Generation = YES;
				INFOPLIST_KEY_UIApplicationSupportsIndirectInputEvents = YES;
				INFOPLIST_KEY_UILaunchScreen_Generation = YES;
				INFOPLIST_KEY_UISupportedInterfaceOrientations_iPad = "UIInterfaceOrientationPortrait UIInterfaceOrientationPortraitUpsideDown UIInterfaceOrientationLandscapeLeft UIInterfaceOrientationLandscapeRight";
				INFOPLIST_KEY_UISupportedInterfaceOrientations_iPhone = "UIInterfaceOrientationPortrait UIInterfaceOrientationLandscapeLeft UIInterfaceOrientationLandscapeRight";
				LD_RUNPATH_SEARCH_PATHS = (
					"$(inherited)",
					"@executable_path/Frameworks",
				);
				MARKETING_VERSION = 1.0;
				PRODUCT_BUNDLE_IDENTIFIER = timur.web3app;
				PRODUCT_NAME = "$(TARGET_NAME)";
				SWIFT_EMIT_LOC_STRINGS = YES;
				SWIFT_VERSION = 5.0;
				TARGETED_DEVICE_FAMILY = "1,2";
			};
			name = Release;
		};
/* End XCBuildConfiguration section */

/* Begin XCConfigurationList section */
		159F57D12A18B59200C724C6 /* Build configuration list for PBXProject "WEB3APP" */ = {
			isa = XCConfigurationList;
			buildConfigurations = (
				159F57E22A18B59400C724C6 /* Debug */,
				159F57E32A18B59400C724C6 /* Release */,
			);
			defaultConfigurationIsVisible = 0;
			defaultConfigurationName = Release;
		};
		159F57E42A18B59400C724C6 /* Build configuration list for PBXNativeTarget "WEB3APP" */ = {
			isa = XCConfigurationList;
			buildConfigurations = (
				159F57E52A18B59400C724C6 /* Debug */,
				159F57E62A18B59400C724C6 /* Release */,
			);
			defaultConfigurationIsVisible = 0;
			defaultConfigurationName = Release;
		};
/* End XCConfigurationList section */

/* Begin XCRemoteSwiftPackageReference section */
		393DACEE2A18CBC400952202 /* XCRemoteSwiftPackageReference "WalletConnectSwift" */ = {
			isa = XCRemoteSwiftPackageReference;
			repositoryURL = "https://github.com/penachett/WalletConnectSwift";
			requirement = {
				kind = upToNextMajorVersion;
				minimumVersion = 1.0.0;
			};
		};
/* End XCRemoteSwiftPackageReference section */

/* Begin XCSwiftPackageProductDependency section */
		393DACEF2A18CBC400952202 /* WalletConnectSwift */ = {
			isa = XCSwiftPackageProductDependency;
			package = 393DACEE2A18CBC400952202 /* XCRemoteSwiftPackageReference "WalletConnectSwift" */;
			productName = WalletConnectSwift;
		};
/* End XCSwiftPackageProductDependency section */
	};
	rootObject = 159F57CE2A18B59200C724C6 /* Project object */;
}
