// !$*UTF8*$!
{
	archiveVersion = 1;
	classes = {
	};
	objectVersion = 55;
	objects = {

/* Begin PBXBuildFile section */
		151EA0DF2A18E0780010CB73 /* RoundedTextField.swift in Sources */ = {isa = PBXBuildFile; fileRef = 151EA0DE2A18E0780010CB73 /* RoundedTextField.swift */; };
		151EA0E52A18EE600010CB73 /* Color + Extension.swift in Sources */ = {isa = PBXBuildFile; fileRef = 151EA0E42A18EE600010CB73 /* Color + Extension.swift */; };
		151EA0E72A18EEA70010CB73 /* MainScreenView.swift in Sources */ = {isa = PBXBuildFile; fileRef = 151EA0E62A18EEA70010CB73 /* MainScreenView.swift */; };
		151EA0EB2A18EED90010CB73 /* TabBarView.swift in Sources */ = {isa = PBXBuildFile; fileRef = 151EA0EA2A18EED90010CB73 /* TabBarView.swift */; };
		151EA0EE2A18F4CD0010CB73 /* TabBarIcon.swift in Sources */ = {isa = PBXBuildFile; fileRef = 151EA0ED2A18F4CD0010CB73 /* TabBarIcon.swift */; };
		151EA0F02A18F4E70010CB73 /* Store.swift in Sources */ = {isa = PBXBuildFile; fileRef = 151EA0EF2A18F4E70010CB73 /* Store.swift */; };
		151EA0F22A18FF1F0010CB73 /* CalendarCellView.swift in Sources */ = {isa = PBXBuildFile; fileRef = 151EA0F12A18FF1F0010CB73 /* CalendarCellView.swift */; };
		151EA0F62A1908390010CB73 /* ProfileView.swift in Sources */ = {isa = PBXBuildFile; fileRef = 151EA0F52A1908390010CB73 /* ProfileView.swift */; };
		157F2A782A191D780084DFD8 /* API.swift in Sources */ = {isa = PBXBuildFile; fileRef = 157F2A772A191D780084DFD8 /* API.swift */; };
		157F2A7D2A191D830084DFD8 /* BaseRequest.swift in Sources */ = {isa = PBXBuildFile; fileRef = 157F2A792A191D830084DFD8 /* BaseRequest.swift */; };
		157F2A7E2A191D830084DFD8 /* RequestEncoder.swift in Sources */ = {isa = PBXBuildFile; fileRef = 157F2A7A2A191D830084DFD8 /* RequestEncoder.swift */; };
		157F2A7F2A191D830084DFD8 /* RequestMethod.swift in Sources */ = {isa = PBXBuildFile; fileRef = 157F2A7B2A191D830084DFD8 /* RequestMethod.swift */; };
		157F2A802A191D830084DFD8 /* RequestError.swift in Sources */ = {isa = PBXBuildFile; fileRef = 157F2A7C2A191D830084DFD8 /* RequestError.swift */; };
		157F2A822A191D8B0084DFD8 /* Endpoint.swift in Sources */ = {isa = PBXBuildFile; fileRef = 157F2A812A191D8B0084DFD8 /* Endpoint.swift */; };
		157F2A872A191D9C0084DFD8 /* CharacterSet.swift in Sources */ = {isa = PBXBuildFile; fileRef = 157F2A832A191D9C0084DFD8 /* CharacterSet.swift */; };
		157F2A882A191D9C0084DFD8 /* Dictionary.swift in Sources */ = {isa = PBXBuildFile; fileRef = 157F2A842A191D9C0084DFD8 /* Dictionary.swift */; };
		157F2A892A191D9C0084DFD8 /* Data.swift in Sources */ = {isa = PBXBuildFile; fileRef = 157F2A852A191D9C0084DFD8 /* Data.swift */; };
		157F2A8A2A191D9C0084DFD8 /* URLSession.swift in Sources */ = {isa = PBXBuildFile; fileRef = 157F2A862A191D9C0084DFD8 /* URLSession.swift */; };
		158A51F72A195B3E00C05930 /* CategoryView.swift in Sources */ = {isa = PBXBuildFile; fileRef = 158A51F62A195B3E00C05930 /* CategoryView.swift */; };
		158A51F92A195B6300C05930 /* CategoryCellView.swift in Sources */ = {isa = PBXBuildFile; fileRef = 158A51F82A195B6300C05930 /* CategoryCellView.swift */; };
		158A51FD2A19960200C05930 /* SDWebImageSwiftUI in Frameworks */ = {isa = PBXBuildFile; productRef = 158A51FC2A19960200C05930 /* SDWebImageSwiftUI */; };
		158A52002A19987A00C05930 /* DaysService.swift in Sources */ = {isa = PBXBuildFile; fileRef = 158A51FF2A19987A00C05930 /* DaysService.swift */; };
		158A52032A1998A600C05930 /* DaysEndpoint.swift in Sources */ = {isa = PBXBuildFile; fileRef = 158A52022A1998A600C05930 /* DaysEndpoint.swift */; };
		158A52052A199BE700C05930 /* Days.swift in Sources */ = {isa = PBXBuildFile; fileRef = 158A52042A199BE700C05930 /* Days.swift */; };
		158A52092A19A2A600C05930 /* DetailCategory.swift in Sources */ = {isa = PBXBuildFile; fileRef = 158A52082A19A2A600C05930 /* DetailCategory.swift */; };
		158A520C2A19A31C00C05930 /* DetailViewModel.swift in Sources */ = {isa = PBXBuildFile; fileRef = 158A520B2A19A31C00C05930 /* DetailViewModel.swift */; };
		158A520E2A19C06400C05930 /* Calendar.swift in Sources */ = {isa = PBXBuildFile; fileRef = 158A520D2A19C06400C05930 /* Calendar.swift */; };
		158A52112A19DE6B00C05930 /* Date.swift in Sources */ = {isa = PBXBuildFile; fileRef = 158A52102A19DE6B00C05930 /* Date.swift */; };
		159F57DA2A18B59200C724C6 /* WEB3APPApp.swift in Sources */ = {isa = PBXBuildFile; fileRef = 159F57D92A18B59200C724C6 /* WEB3APPApp.swift */; };
		159F57DC2A18B59200C724C6 /* ContentView.swift in Sources */ = {isa = PBXBuildFile; fileRef = 159F57DB2A18B59200C724C6 /* ContentView.swift */; };
		159F57DE2A18B59400C724C6 /* Assets.xcassets in Resources */ = {isa = PBXBuildFile; fileRef = 159F57DD2A18B59400C724C6 /* Assets.xcassets */; };
		159F57E12A18B59400C724C6 /* Preview Assets.xcassets in Resources */ = {isa = PBXBuildFile; fileRef = 159F57E02A18B59400C724C6 /* Preview Assets.xcassets */; };
		159F57F12A18C32800C724C6 /* HomeView.swift in Sources */ = {isa = PBXBuildFile; fileRef = 159F57F02A18C32800C724C6 /* HomeView.swift */; };
		159F57F32A18C45A00C724C6 /* Wallet.swift in Sources */ = {isa = PBXBuildFile; fileRef = 159F57F22A18C45A00C724C6 /* Wallet.swift */; };
		159F57F92A18C5AC00C724C6 /* HomeViewModel.swift in Sources */ = {isa = PBXBuildFile; fileRef = 159F57F82A18C5AC00C724C6 /* HomeViewModel.swift */; };
		3937F5E62A196B4900EF20F0 /* Constants.swift in Sources */ = {isa = PBXBuildFile; fileRef = 3937F5E52A196B4900EF20F0 /* Constants.swift */; };
		3937F5E92A196CC100EF20F0 /* UserService.swift in Sources */ = {isa = PBXBuildFile; fileRef = 3937F5E82A196CC100EF20F0 /* UserService.swift */; };
		3937F5EB2A196D1900EF20F0 /* UserEndpoint.swift in Sources */ = {isa = PBXBuildFile; fileRef = 3937F5EA2A196D1900EF20F0 /* UserEndpoint.swift */; };
		3937F5ED2A19708C00EF20F0 /* User.swift in Sources */ = {isa = PBXBuildFile; fileRef = 3937F5EC2A19708C00EF20F0 /* User.swift */; };
		3937F5F32A19860300EF20F0 /* ExerciseEndpoint.swift in Sources */ = {isa = PBXBuildFile; fileRef = 3937F5F22A19860300EF20F0 /* ExerciseEndpoint.swift */; };
		3937F5F52A1986B900EF20F0 /* ExerciseServise.swift in Sources */ = {isa = PBXBuildFile; fileRef = 3937F5F42A1986B900EF20F0 /* ExerciseServise.swift */; };
		3937F5F72A19873700EF20F0 /* Exercise.swift in Sources */ = {isa = PBXBuildFile; fileRef = 3937F5F62A19873700EF20F0 /* Exercise.swift */; };
		393DACE72A18C7C300952202 /* WalletConnect.swift in Sources */ = {isa = PBXBuildFile; fileRef = 393DACE62A18C7C300952202 /* WalletConnect.swift */; };
		394789512A198EC5005F10C7 /* CategoryViewModel.swift in Sources */ = {isa = PBXBuildFile; fileRef = 394789502A198EC5005F10C7 /* CategoryViewModel.swift */; };
		39A2D3602A19123100386B94 /* WalletConnectSwift in Frameworks */ = {isa = PBXBuildFile; productRef = 39A2D35F2A19123100386B94 /* WalletConnectSwift */; };
		643810835F8AC1BDAFED2232 /* Pods_WEB3APP.framework in Frameworks */ = {isa = PBXBuildFile; fileRef = 3048D9C2711DEDB6E2129DC2 /* Pods_WEB3APP.framework */; };
/* End PBXBuildFile section */

/* Begin PBXFileReference section */
		151EA0DE2A18E0780010CB73 /* RoundedTextField.swift */ = {isa = PBXFileReference; lastKnownFileType = sourcecode.swift; path = RoundedTextField.swift; sourceTree = "<group>"; };
		151EA0E42A18EE600010CB73 /* Color + Extension.swift */ = {isa = PBXFileReference; lastKnownFileType = sourcecode.swift; path = "Color + Extension.swift"; sourceTree = "<group>"; };
		151EA0E62A18EEA70010CB73 /* MainScreenView.swift */ = {isa = PBXFileReference; lastKnownFileType = sourcecode.swift; path = MainScreenView.swift; sourceTree = "<group>"; };
		151EA0EA2A18EED90010CB73 /* TabBarView.swift */ = {isa = PBXFileReference; lastKnownFileType = sourcecode.swift; path = TabBarView.swift; sourceTree = "<group>"; };
		151EA0ED2A18F4CD0010CB73 /* TabBarIcon.swift */ = {isa = PBXFileReference; lastKnownFileType = sourcecode.swift; path = TabBarIcon.swift; sourceTree = "<group>"; };
		151EA0EF2A18F4E70010CB73 /* Store.swift */ = {isa = PBXFileReference; lastKnownFileType = sourcecode.swift; path = Store.swift; sourceTree = "<group>"; };
		151EA0F12A18FF1F0010CB73 /* CalendarCellView.swift */ = {isa = PBXFileReference; lastKnownFileType = sourcecode.swift; path = CalendarCellView.swift; sourceTree = "<group>"; };
		151EA0F52A1908390010CB73 /* ProfileView.swift */ = {isa = PBXFileReference; lastKnownFileType = sourcecode.swift; path = ProfileView.swift; sourceTree = "<group>"; };
		157F2A772A191D780084DFD8 /* API.swift */ = {isa = PBXFileReference; fileEncoding = 4; lastKnownFileType = sourcecode.swift; path = API.swift; sourceTree = "<group>"; };
		157F2A792A191D830084DFD8 /* BaseRequest.swift */ = {isa = PBXFileReference; fileEncoding = 4; lastKnownFileType = sourcecode.swift; path = BaseRequest.swift; sourceTree = "<group>"; };
		157F2A7A2A191D830084DFD8 /* RequestEncoder.swift */ = {isa = PBXFileReference; fileEncoding = 4; lastKnownFileType = sourcecode.swift; path = RequestEncoder.swift; sourceTree = "<group>"; };
		157F2A7B2A191D830084DFD8 /* RequestMethod.swift */ = {isa = PBXFileReference; fileEncoding = 4; lastKnownFileType = sourcecode.swift; path = RequestMethod.swift; sourceTree = "<group>"; };
		157F2A7C2A191D830084DFD8 /* RequestError.swift */ = {isa = PBXFileReference; fileEncoding = 4; lastKnownFileType = sourcecode.swift; path = RequestError.swift; sourceTree = "<group>"; };
		157F2A812A191D8B0084DFD8 /* Endpoint.swift */ = {isa = PBXFileReference; fileEncoding = 4; lastKnownFileType = sourcecode.swift; path = Endpoint.swift; sourceTree = "<group>"; };
		157F2A832A191D9C0084DFD8 /* CharacterSet.swift */ = {isa = PBXFileReference; fileEncoding = 4; lastKnownFileType = sourcecode.swift; path = CharacterSet.swift; sourceTree = "<group>"; };
		157F2A842A191D9C0084DFD8 /* Dictionary.swift */ = {isa = PBXFileReference; fileEncoding = 4; lastKnownFileType = sourcecode.swift; path = Dictionary.swift; sourceTree = "<group>"; };
		157F2A852A191D9C0084DFD8 /* Data.swift */ = {isa = PBXFileReference; fileEncoding = 4; lastKnownFileType = sourcecode.swift; path = Data.swift; sourceTree = "<group>"; };
		157F2A862A191D9C0084DFD8 /* URLSession.swift */ = {isa = PBXFileReference; fileEncoding = 4; lastKnownFileType = sourcecode.swift; path = URLSession.swift; sourceTree = "<group>"; };
		158A51F62A195B3E00C05930 /* CategoryView.swift */ = {isa = PBXFileReference; lastKnownFileType = sourcecode.swift; path = CategoryView.swift; sourceTree = "<group>"; };
		158A51F82A195B6300C05930 /* CategoryCellView.swift */ = {isa = PBXFileReference; lastKnownFileType = sourcecode.swift; path = CategoryCellView.swift; sourceTree = "<group>"; };
		158A51FF2A19987A00C05930 /* DaysService.swift */ = {isa = PBXFileReference; lastKnownFileType = sourcecode.swift; path = DaysService.swift; sourceTree = "<group>"; };
		158A52022A1998A600C05930 /* DaysEndpoint.swift */ = {isa = PBXFileReference; lastKnownFileType = sourcecode.swift; path = DaysEndpoint.swift; sourceTree = "<group>"; };
		158A52042A199BE700C05930 /* Days.swift */ = {isa = PBXFileReference; lastKnownFileType = sourcecode.swift; path = Days.swift; sourceTree = "<group>"; };
		158A52082A19A2A600C05930 /* DetailCategory.swift */ = {isa = PBXFileReference; lastKnownFileType = sourcecode.swift; path = DetailCategory.swift; sourceTree = "<group>"; };
		158A520B2A19A31C00C05930 /* DetailViewModel.swift */ = {isa = PBXFileReference; lastKnownFileType = sourcecode.swift; path = DetailViewModel.swift; sourceTree = "<group>"; };
		158A520D2A19C06400C05930 /* Calendar.swift */ = {isa = PBXFileReference; lastKnownFileType = sourcecode.swift; path = Calendar.swift; sourceTree = "<group>"; };
		158A52102A19DE6B00C05930 /* Date.swift */ = {isa = PBXFileReference; lastKnownFileType = sourcecode.swift; path = Date.swift; sourceTree = "<group>"; };
		159F57D62A18B59200C724C6 /* WEB3APP.app */ = {isa = PBXFileReference; explicitFileType = wrapper.application; includeInIndex = 0; path = WEB3APP.app; sourceTree = BUILT_PRODUCTS_DIR; };
		159F57D92A18B59200C724C6 /* WEB3APPApp.swift */ = {isa = PBXFileReference; lastKnownFileType = sourcecode.swift; path = WEB3APPApp.swift; sourceTree = "<group>"; };
		159F57DB2A18B59200C724C6 /* ContentView.swift */ = {isa = PBXFileReference; lastKnownFileType = sourcecode.swift; path = ContentView.swift; sourceTree = "<group>"; };
		159F57DD2A18B59400C724C6 /* Assets.xcassets */ = {isa = PBXFileReference; lastKnownFileType = folder.assetcatalog; path = Assets.xcassets; sourceTree = "<group>"; };
		159F57E02A18B59400C724C6 /* Preview Assets.xcassets */ = {isa = PBXFileReference; lastKnownFileType = folder.assetcatalog; path = "Preview Assets.xcassets"; sourceTree = "<group>"; };
		159F57F02A18C32800C724C6 /* HomeView.swift */ = {isa = PBXFileReference; lastKnownFileType = sourcecode.swift; path = HomeView.swift; sourceTree = "<group>"; };
		159F57F22A18C45A00C724C6 /* Wallet.swift */ = {isa = PBXFileReference; lastKnownFileType = sourcecode.swift; path = Wallet.swift; sourceTree = "<group>"; };
		159F57F82A18C5AC00C724C6 /* HomeViewModel.swift */ = {isa = PBXFileReference; lastKnownFileType = sourcecode.swift; path = HomeViewModel.swift; sourceTree = "<group>"; };
		3048D9C2711DEDB6E2129DC2 /* Pods_WEB3APP.framework */ = {isa = PBXFileReference; explicitFileType = wrapper.framework; includeInIndex = 0; path = Pods_WEB3APP.framework; sourceTree = BUILT_PRODUCTS_DIR; };
		3937F5E52A196B4900EF20F0 /* Constants.swift */ = {isa = PBXFileReference; lastKnownFileType = sourcecode.swift; path = Constants.swift; sourceTree = "<group>"; };
		3937F5E82A196CC100EF20F0 /* UserService.swift */ = {isa = PBXFileReference; lastKnownFileType = sourcecode.swift; path = UserService.swift; sourceTree = "<group>"; };
		3937F5EA2A196D1900EF20F0 /* UserEndpoint.swift */ = {isa = PBXFileReference; lastKnownFileType = sourcecode.swift; path = UserEndpoint.swift; sourceTree = "<group>"; };
		3937F5EC2A19708C00EF20F0 /* User.swift */ = {isa = PBXFileReference; lastKnownFileType = sourcecode.swift; path = User.swift; sourceTree = "<group>"; };
		3937F5F22A19860300EF20F0 /* ExerciseEndpoint.swift */ = {isa = PBXFileReference; lastKnownFileType = sourcecode.swift; path = ExerciseEndpoint.swift; sourceTree = "<group>"; };
		3937F5F42A1986B900EF20F0 /* ExerciseServise.swift */ = {isa = PBXFileReference; lastKnownFileType = sourcecode.swift; path = ExerciseServise.swift; sourceTree = "<group>"; };
		3937F5F62A19873700EF20F0 /* Exercise.swift */ = {isa = PBXFileReference; lastKnownFileType = sourcecode.swift; path = Exercise.swift; sourceTree = "<group>"; };
		393DACE62A18C7C300952202 /* WalletConnect.swift */ = {isa = PBXFileReference; lastKnownFileType = sourcecode.swift; path = WalletConnect.swift; sourceTree = "<group>"; };
		394789502A198EC5005F10C7 /* CategoryViewModel.swift */ = {isa = PBXFileReference; lastKnownFileType = sourcecode.swift; path = CategoryViewModel.swift; sourceTree = "<group>"; };
		A8E61C6924B08BC94891C0C7 /* Pods-WEB3APP.debug.xcconfig */ = {isa = PBXFileReference; includeInIndex = 1; lastKnownFileType = text.xcconfig; name = "Pods-WEB3APP.debug.xcconfig"; path = "Target Support Files/Pods-WEB3APP/Pods-WEB3APP.debug.xcconfig"; sourceTree = "<group>"; };
		C6191FE5F49206CD2A30741D /* Pods-WEB3APP.release.xcconfig */ = {isa = PBXFileReference; includeInIndex = 1; lastKnownFileType = text.xcconfig; name = "Pods-WEB3APP.release.xcconfig"; path = "Target Support Files/Pods-WEB3APP/Pods-WEB3APP.release.xcconfig"; sourceTree = "<group>"; };
/* End PBXFileReference section */

/* Begin PBXFrameworksBuildPhase section */
		159F57D32A18B59200C724C6 /* Frameworks */ = {
			isa = PBXFrameworksBuildPhase;
			buildActionMask = 2147483647;
			files = (
				158A51FD2A19960200C05930 /* SDWebImageSwiftUI in Frameworks */,
				39A2D3602A19123100386B94 /* WalletConnectSwift in Frameworks */,
				643810835F8AC1BDAFED2232 /* Pods_WEB3APP.framework in Frameworks */,
			);
			runOnlyForDeploymentPostprocessing = 0;
		};
/* End PBXFrameworksBuildPhase section */

/* Begin PBXGroup section */
		06B429DDACB42C74424A15B7 /* Pods */ = {
			isa = PBXGroup;
			children = (
				A8E61C6924B08BC94891C0C7 /* Pods-WEB3APP.debug.xcconfig */,
				C6191FE5F49206CD2A30741D /* Pods-WEB3APP.release.xcconfig */,
			);
			path = Pods;
			sourceTree = "<group>";
		};
		0A5E61DC098C81AAF997590A /* Frameworks */ = {
			isa = PBXGroup;
			children = (
				3048D9C2711DEDB6E2129DC2 /* Pods_WEB3APP.framework */,
			);
			name = Frameworks;
			sourceTree = "<group>";
		};
		151EA0DD2A18E06B0010CB73 /* Common */ = {
			isa = PBXGroup;
			children = (
				151EA0DE2A18E0780010CB73 /* RoundedTextField.swift */,
			);
			path = Common;
			sourceTree = "<group>";
		};
		151EA0E02A18ED380010CB73 /* MainScreen */ = {
			isa = PBXGroup;
			children = (
				151EA0E12A18ED520010CB73 /* Views */,
			);
			path = MainScreen;
			sourceTree = "<group>";
		};
		151EA0E12A18ED520010CB73 /* Views */ = {
			isa = PBXGroup;
			children = (
				151EA0E62A18EEA70010CB73 /* MainScreenView.swift */,
				151EA0F12A18FF1F0010CB73 /* CalendarCellView.swift */,
			);
			path = Views;
			sourceTree = "<group>";
		};
		151EA0E82A18EEC50010CB73 /* TabBar */ = {
			isa = PBXGroup;
			children = (
				151EA0EA2A18EED90010CB73 /* TabBarView.swift */,
				151EA0ED2A18F4CD0010CB73 /* TabBarIcon.swift */,
				151EA0EF2A18F4E70010CB73 /* Store.swift */,
			);
			path = TabBar;
			sourceTree = "<group>";
		};
		151EA0F32A1908240010CB73 /* ProfileView */ = {
			isa = PBXGroup;
			children = (
				151EA0F52A1908390010CB73 /* ProfileView.swift */,
			);
			path = ProfileView;
			sourceTree = "<group>";
		};
		157F2A732A191D570084DFD8 /* Networking */ = {
			isa = PBXGroup;
			children = (
				3937F5E72A196CB200EF20F0 /* Service */,
				157F2A762A191D6C0084DFD8 /* Endpoint */,
				157F2A752A191D5F0084DFD8 /* Base */,
				157F2A742A191D5C0084DFD8 /* Api */,
			);
			path = Networking;
			sourceTree = "<group>";
		};
		157F2A742A191D5C0084DFD8 /* Api */ = {
			isa = PBXGroup;
			children = (
				157F2A772A191D780084DFD8 /* API.swift */,
			);
			path = Api;
			sourceTree = "<group>";
		};
		157F2A752A191D5F0084DFD8 /* Base */ = {
			isa = PBXGroup;
			children = (
				157F2A792A191D830084DFD8 /* BaseRequest.swift */,
				157F2A7A2A191D830084DFD8 /* RequestEncoder.swift */,
				157F2A7C2A191D830084DFD8 /* RequestError.swift */,
				157F2A7B2A191D830084DFD8 /* RequestMethod.swift */,
			);
			path = Base;
			sourceTree = "<group>";
		};
		157F2A762A191D6C0084DFD8 /* Endpoint */ = {
			isa = PBXGroup;
			children = (
				157F2A812A191D8B0084DFD8 /* Endpoint.swift */,
				3937F5EA2A196D1900EF20F0 /* UserEndpoint.swift */,
				3937F5F22A19860300EF20F0 /* ExerciseEndpoint.swift */,
				158A52022A1998A600C05930 /* DaysEndpoint.swift */,
			);
			path = Endpoint;
			sourceTree = "<group>";
		};
		158A51F42A195B2F00C05930 /* CategoryView */ = {
			isa = PBXGroup;
			children = (
				158A51FA2A1993CF00C05930 /* ViewModel */,
				158A51F52A195B3400C05930 /* View */,
			);
			path = CategoryView;
			sourceTree = "<group>";
		};
		158A51F52A195B3400C05930 /* View */ = {
			isa = PBXGroup;
			children = (
				158A51F62A195B3E00C05930 /* CategoryView.swift */,
				158A51F82A195B6300C05930 /* CategoryCellView.swift */,
			);
			path = View;
			sourceTree = "<group>";
		};
		158A51FA2A1993CF00C05930 /* ViewModel */ = {
			isa = PBXGroup;
			children = (
				394789502A198EC5005F10C7 /* CategoryViewModel.swift */,
			);
			path = ViewModel;
			sourceTree = "<group>";
		};
		158A52062A19A29400C05930 /* DetailCategory */ = {
			isa = PBXGroup;
			children = (
				158A520A2A19A30900C05930 /* ViewModel */,
				158A52072A19A29900C05930 /* View */,
			);
			path = DetailCategory;
			sourceTree = "<group>";
		};
		158A52072A19A29900C05930 /* View */ = {
			isa = PBXGroup;
			children = (
				158A52082A19A2A600C05930 /* DetailCategory.swift */,
			);
			path = View;
			sourceTree = "<group>";
		};
		158A520A2A19A30900C05930 /* ViewModel */ = {
			isa = PBXGroup;
			children = (
				158A520B2A19A31C00C05930 /* DetailViewModel.swift */,
			);
			path = ViewModel;
			sourceTree = "<group>";
		};
		159F57CD2A18B59200C724C6 = {
			isa = PBXGroup;
			children = (
				159F57D82A18B59200C724C6 /* WEB3APP */,
				159F57D72A18B59200C724C6 /* Products */,
				06B429DDACB42C74424A15B7 /* Pods */,
				0A5E61DC098C81AAF997590A /* Frameworks */,
			);
			sourceTree = "<group>";
		};
		159F57D72A18B59200C724C6 /* Products */ = {
			isa = PBXGroup;
			children = (
				159F57D62A18B59200C724C6 /* WEB3APP.app */,
			);
			name = Products;
			sourceTree = "<group>";
		};
		159F57D82A18B59200C724C6 /* WEB3APP */ = {
			isa = PBXGroup;
			children = (
				3937F5E42A196B0500EF20F0 /* Constants */,
				159F57D92A18B59200C724C6 /* WEB3APPApp.swift */,
				157F2A732A191D570084DFD8 /* Networking */,
				159F57EB2A18C2E300C724C6 /* Core */,
				159F57EA2A18C2D100C724C6 /* Extension */,
				159F57E92A18C2CD00C724C6 /* Model */,
				159F57DB2A18B59200C724C6 /* ContentView.swift */,
				159F57DD2A18B59400C724C6 /* Assets.xcassets */,
				159F57DF2A18B59400C724C6 /* Preview Content */,
			);
			path = WEB3APP;
			sourceTree = "<group>";
		};
		159F57DF2A18B59400C724C6 /* Preview Content */ = {
			isa = PBXGroup;
			children = (
				159F57E02A18B59400C724C6 /* Preview Assets.xcassets */,
			);
			path = "Preview Content";
			sourceTree = "<group>";
		};
		159F57E92A18C2CD00C724C6 /* Model */ = {
			isa = PBXGroup;
			children = (
				159F57F22A18C45A00C724C6 /* Wallet.swift */,
				3937F5EC2A19708C00EF20F0 /* User.swift */,
				3937F5F62A19873700EF20F0 /* Exercise.swift */,
				158A52042A199BE700C05930 /* Days.swift */,
				158A520D2A19C06400C05930 /* Calendar.swift */,
			);
			path = Model;
			sourceTree = "<group>";
		};
		159F57EA2A18C2D100C724C6 /* Extension */ = {
			isa = PBXGroup;
			children = (
				157F2A832A191D9C0084DFD8 /* CharacterSet.swift */,
				157F2A852A191D9C0084DFD8 /* Data.swift */,
				157F2A842A191D9C0084DFD8 /* Dictionary.swift */,
				157F2A862A191D9C0084DFD8 /* URLSession.swift */,
				151EA0E42A18EE600010CB73 /* Color + Extension.swift */,
				158A52102A19DE6B00C05930 /* Date.swift */,
			);
			path = Extension;
			sourceTree = "<group>";
		};
		159F57EB2A18C2E300C724C6 /* Core */ = {
			isa = PBXGroup;
			children = (
				158A52062A19A29400C05930 /* DetailCategory */,
				158A51F42A195B2F00C05930 /* CategoryView */,
				151EA0DD2A18E06B0010CB73 /* Common */,
				159F57EC2A18C2FF00C724C6 /* HomeView */,
				151EA0E02A18ED380010CB73 /* MainScreen */,
				151EA0F32A1908240010CB73 /* ProfileView */,
				151EA0E82A18EEC50010CB73 /* TabBar */,
			);
			path = Core;
			sourceTree = "<group>";
		};
		159F57EC2A18C2FF00C724C6 /* HomeView */ = {
			isa = PBXGroup;
			children = (
				159F57EE2A18C31000C724C6 /* ViewModel */,
				159F57ED2A18C30D00C724C6 /* View */,
			);
			path = HomeView;
			sourceTree = "<group>";
		};
		159F57ED2A18C30D00C724C6 /* View */ = {
			isa = PBXGroup;
			children = (
				159F57F02A18C32800C724C6 /* HomeView.swift */,
			);
			path = View;
			sourceTree = "<group>";
		};
		159F57EE2A18C31000C724C6 /* ViewModel */ = {
			isa = PBXGroup;
			children = (
				159F57F82A18C5AC00C724C6 /* HomeViewModel.swift */,
				393DACE62A18C7C300952202 /* WalletConnect.swift */,
			);
			path = ViewModel;
			sourceTree = "<group>";
		};
		3937F5E42A196B0500EF20F0 /* Constants */ = {
			isa = PBXGroup;
			children = (
				3937F5E52A196B4900EF20F0 /* Constants.swift */,
			);
			path = Constants;
			sourceTree = "<group>";
		};
		3937F5E72A196CB200EF20F0 /* Service */ = {
			isa = PBXGroup;
			children = (
				3937F5E82A196CC100EF20F0 /* UserService.swift */,
				3937F5F42A1986B900EF20F0 /* ExerciseServise.swift */,
				158A51FF2A19987A00C05930 /* DaysService.swift */,
			);
			path = Service;
			sourceTree = "<group>";
		};
/* End PBXGroup section */

/* Begin PBXNativeTarget section */
		159F57D52A18B59200C724C6 /* WEB3APP */ = {
			isa = PBXNativeTarget;
			buildConfigurationList = 159F57E42A18B59400C724C6 /* Build configuration list for PBXNativeTarget "WEB3APP" */;
			buildPhases = (
				275708D4F52D85B2B093C982 /* [CP] Check Pods Manifest.lock */,
				159F57D22A18B59200C724C6 /* Sources */,
				159F57D32A18B59200C724C6 /* Frameworks */,
				159F57D42A18B59200C724C6 /* Resources */,
				2C6104F7FCA5FDEAB0775997 /* [CP] Embed Pods Frameworks */,
			);
			buildRules = (
			);
			dependencies = (
			);
			name = WEB3APP;
			packageProductDependencies = (
				39A2D35F2A19123100386B94 /* WalletConnectSwift */,
				158A51FC2A19960200C05930 /* SDWebImageSwiftUI */,
			);
			productName = WEB3APP;
			productReference = 159F57D62A18B59200C724C6 /* WEB3APP.app */;
			productType = "com.apple.product-type.application";
		};
/* End PBXNativeTarget section */

/* Begin PBXProject section */
		159F57CE2A18B59200C724C6 /* Project object */ = {
			isa = PBXProject;
			attributes = {
				BuildIndependentTargetsInParallel = 1;
				LastSwiftUpdateCheck = 1430;
				LastUpgradeCheck = 1430;
				TargetAttributes = {
					159F57D52A18B59200C724C6 = {
						CreatedOnToolsVersion = 14.3;
					};
				};
			};
			buildConfigurationList = 159F57D12A18B59200C724C6 /* Build configuration list for PBXProject "WEB3APP" */;
			compatibilityVersion = "Xcode 13.0";
			developmentRegion = en;
			hasScannedForEncodings = 0;
			knownRegions = (
				en,
				Base,
			);
			mainGroup = 159F57CD2A18B59200C724C6;
			packageReferences = (
				39A2D35E2A19123100386B94 /* XCRemoteSwiftPackageReference "WalletConnectSwift" */,
				158A51FB2A19960200C05930 /* XCRemoteSwiftPackageReference "SDWebImageSwiftUI" */,
			);
			productRefGroup = 159F57D72A18B59200C724C6 /* Products */;
			projectDirPath = "";
			projectRoot = "";
			targets = (
				159F57D52A18B59200C724C6 /* WEB3APP */,
			);
		};
/* End PBXProject section */

/* Begin PBXResourcesBuildPhase section */
		159F57D42A18B59200C724C6 /* Resources */ = {
			isa = PBXResourcesBuildPhase;
			buildActionMask = 2147483647;
			files = (
				159F57E12A18B59400C724C6 /* Preview Assets.xcassets in Resources */,
				159F57DE2A18B59400C724C6 /* Assets.xcassets in Resources */,
			);
			runOnlyForDeploymentPostprocessing = 0;
		};
/* End PBXResourcesBuildPhase section */

/* Begin PBXShellScriptBuildPhase section */
		275708D4F52D85B2B093C982 /* [CP] Check Pods Manifest.lock */ = {
			isa = PBXShellScriptBuildPhase;
			buildActionMask = 2147483647;
			files = (
			);
			inputFileListPaths = (
			);
			inputPaths = (
				"${PODS_PODFILE_DIR_PATH}/Podfile.lock",
				"${PODS_ROOT}/Manifest.lock",
			);
			name = "[CP] Check Pods Manifest.lock";
			outputFileListPaths = (
			);
			outputPaths = (
				"$(DERIVED_FILE_DIR)/Pods-WEB3APP-checkManifestLockResult.txt",
			);
			runOnlyForDeploymentPostprocessing = 0;
			shellPath = /bin/sh;
			shellScript = "diff \"${PODS_PODFILE_DIR_PATH}/Podfile.lock\" \"${PODS_ROOT}/Manifest.lock\" > /dev/null\nif [ $? != 0 ] ; then\n    # print error to STDERR\n    echo \"error: The sandbox is not in sync with the Podfile.lock. Run 'pod install' or update your CocoaPods installation.\" >&2\n    exit 1\nfi\n# This output is used by Xcode 'outputs' to avoid re-running this script phase.\necho \"SUCCESS\" > \"${SCRIPT_OUTPUT_FILE_0}\"\n";
			showEnvVarsInLog = 0;
		};
		2C6104F7FCA5FDEAB0775997 /* [CP] Embed Pods Frameworks */ = {
			isa = PBXShellScriptBuildPhase;
			buildActionMask = 2147483647;
			files = (
			);
			inputFileListPaths = (
				"${PODS_ROOT}/Target Support Files/Pods-WEB3APP/Pods-WEB3APP-frameworks-${CONFIGURATION}-input-files.xcfilelist",
			);
			name = "[CP] Embed Pods Frameworks";
			outputFileListPaths = (
				"${PODS_ROOT}/Target Support Files/Pods-WEB3APP/Pods-WEB3APP-frameworks-${CONFIGURATION}-output-files.xcfilelist",
			);
			runOnlyForDeploymentPostprocessing = 0;
			shellPath = /bin/sh;
			shellScript = "\"${PODS_ROOT}/Target Support Files/Pods-WEB3APP/Pods-WEB3APP-frameworks.sh\"\n";
			showEnvVarsInLog = 0;
		};
/* End PBXShellScriptBuildPhase section */

/* Begin PBXSourcesBuildPhase section */
		159F57D22A18B59200C724C6 /* Sources */ = {
			isa = PBXSourcesBuildPhase;
			buildActionMask = 2147483647;
			files = (
				157F2A7D2A191D830084DFD8 /* BaseRequest.swift in Sources */,
				158A52052A199BE700C05930 /* Days.swift in Sources */,
				158A52002A19987A00C05930 /* DaysService.swift in Sources */,
				3937F5E92A196CC100EF20F0 /* UserService.swift in Sources */,
				159F57F32A18C45A00C724C6 /* Wallet.swift in Sources */,
				158A51F92A195B6300C05930 /* CategoryCellView.swift in Sources */,
				157F2A8A2A191D9C0084DFD8 /* URLSession.swift in Sources */,
				151EA0E52A18EE600010CB73 /* Color + Extension.swift in Sources */,
				159F57F12A18C32800C724C6 /* HomeView.swift in Sources */,
				3937F5EB2A196D1900EF20F0 /* UserEndpoint.swift in Sources */,
				3937F5ED2A19708C00EF20F0 /* User.swift in Sources */,
				3937F5F52A1986B900EF20F0 /* ExerciseServise.swift in Sources */,
				158A52032A1998A600C05930 /* DaysEndpoint.swift in Sources */,
				158A52112A19DE6B00C05930 /* Date.swift in Sources */,
				151EA0F02A18F4E70010CB73 /* Store.swift in Sources */,
				157F2A782A191D780084DFD8 /* API.swift in Sources */,
				159F57DC2A18B59200C724C6 /* ContentView.swift in Sources */,
				151EA0F22A18FF1F0010CB73 /* CalendarCellView.swift in Sources */,
				151EA0E72A18EEA70010CB73 /* MainScreenView.swift in Sources */,
				159F57F92A18C5AC00C724C6 /* HomeViewModel.swift in Sources */,
				158A520E2A19C06400C05930 /* Calendar.swift in Sources */,
				151EA0DF2A18E0780010CB73 /* RoundedTextField.swift in Sources */,
				3937F5F72A19873700EF20F0 /* Exercise.swift in Sources */,
				157F2A872A191D9C0084DFD8 /* CharacterSet.swift in Sources */,
				158A520C2A19A31C00C05930 /* DetailViewModel.swift in Sources */,
				159F57DA2A18B59200C724C6 /* WEB3APPApp.swift in Sources */,
				158A51F72A195B3E00C05930 /* CategoryView.swift in Sources */,
				157F2A892A191D9C0084DFD8 /* Data.swift in Sources */,
				151EA0EB2A18EED90010CB73 /* TabBarView.swift in Sources */,
				158A52092A19A2A600C05930 /* DetailCategory.swift in Sources */,
				393DACE72A18C7C300952202 /* WalletConnect.swift in Sources */,
				3937F5F32A19860300EF20F0 /* ExerciseEndpoint.swift in Sources */,
				157F2A882A191D9C0084DFD8 /* Dictionary.swift in Sources */,
				157F2A822A191D8B0084DFD8 /* Endpoint.swift in Sources */,
				157F2A802A191D830084DFD8 /* RequestError.swift in Sources */,
				157F2A7E2A191D830084DFD8 /* RequestEncoder.swift in Sources */,
				151EA0F62A1908390010CB73 /* ProfileView.swift in Sources */,
				394789512A198EC5005F10C7 /* CategoryViewModel.swift in Sources */,
				157F2A7F2A191D830084DFD8 /* RequestMethod.swift in Sources */,
				151EA0EE2A18F4CD0010CB73 /* TabBarIcon.swift in Sources */,
				3937F5E62A196B4900EF20F0 /* Constants.swift in Sources */,
			);
			runOnlyForDeploymentPostprocessing = 0;
		};
/* End PBXSourcesBuildPhase section */

/* Begin XCBuildConfiguration section */
		159F57E22A18B59400C724C6 /* Debug */ = {
			isa = XCBuildConfiguration;
			buildSettings = {
				ALWAYS_SEARCH_USER_PATHS = NO;
				CLANG_ANALYZER_NONNULL = YES;
				CLANG_ANALYZER_NUMBER_OBJECT_CONVERSION = YES_AGGRESSIVE;
				CLANG_CXX_LANGUAGE_STANDARD = "gnu++20";
				CLANG_ENABLE_MODULES = YES;
				CLANG_ENABLE_OBJC_ARC = YES;
				CLANG_ENABLE_OBJC_WEAK = YES;
				CLANG_WARN_BLOCK_CAPTURE_AUTORELEASING = YES;
				CLANG_WARN_BOOL_CONVERSION = YES;
				CLANG_WARN_COMMA = YES;
				CLANG_WARN_CONSTANT_CONVERSION = YES;
				CLANG_WARN_DEPRECATED_OBJC_IMPLEMENTATIONS = YES;
				CLANG_WARN_DIRECT_OBJC_ISA_USAGE = YES_ERROR;
				CLANG_WARN_DOCUMENTATION_COMMENTS = YES;
				CLANG_WARN_EMPTY_BODY = YES;
				CLANG_WARN_ENUM_CONVERSION = YES;
				CLANG_WARN_INFINITE_RECURSION = YES;
				CLANG_WARN_INT_CONVERSION = YES;
				CLANG_WARN_NON_LITERAL_NULL_CONVERSION = YES;
				CLANG_WARN_OBJC_IMPLICIT_RETAIN_SELF = YES;
				CLANG_WARN_OBJC_LITERAL_CONVERSION = YES;
				CLANG_WARN_OBJC_ROOT_CLASS = YES_ERROR;
				CLANG_WARN_QUOTED_INCLUDE_IN_FRAMEWORK_HEADER = YES;
				CLANG_WARN_RANGE_LOOP_ANALYSIS = YES;
				CLANG_WARN_STRICT_PROTOTYPES = YES;
				CLANG_WARN_SUSPICIOUS_MOVE = YES;
				CLANG_WARN_UNGUARDED_AVAILABILITY = YES_AGGRESSIVE;
				CLANG_WARN_UNREACHABLE_CODE = YES;
				CLANG_WARN__DUPLICATE_METHOD_MATCH = YES;
				COPY_PHASE_STRIP = NO;
				DEBUG_INFORMATION_FORMAT = dwarf;
				ENABLE_STRICT_OBJC_MSGSEND = YES;
				ENABLE_TESTABILITY = YES;
				GCC_C_LANGUAGE_STANDARD = gnu11;
				GCC_DYNAMIC_NO_PIC = NO;
				GCC_NO_COMMON_BLOCKS = YES;
				GCC_OPTIMIZATION_LEVEL = 0;
				GCC_PREPROCESSOR_DEFINITIONS = (
					"DEBUG=1",
					"$(inherited)",
				);
				GCC_WARN_64_TO_32_BIT_CONVERSION = YES;
				GCC_WARN_ABOUT_RETURN_TYPE = YES_ERROR;
				GCC_WARN_UNDECLARED_SELECTOR = YES;
				GCC_WARN_UNINITIALIZED_AUTOS = YES_AGGRESSIVE;
				GCC_WARN_UNUSED_FUNCTION = YES;
				GCC_WARN_UNUSED_VARIABLE = YES;
				IPHONEOS_DEPLOYMENT_TARGET = 16.4;
				MTL_ENABLE_DEBUG_INFO = INCLUDE_SOURCE;
				MTL_FAST_MATH = YES;
				ONLY_ACTIVE_ARCH = YES;
				SDKROOT = iphoneos;
				SWIFT_ACTIVE_COMPILATION_CONDITIONS = DEBUG;
				SWIFT_OPTIMIZATION_LEVEL = "-Onone";
			};
			name = Debug;
		};
		159F57E32A18B59400C724C6 /* Release */ = {
			isa = XCBuildConfiguration;
			buildSettings = {
				ALWAYS_SEARCH_USER_PATHS = NO;
				CLANG_ANALYZER_NONNULL = YES;
				CLANG_ANALYZER_NUMBER_OBJECT_CONVERSION = YES_AGGRESSIVE;
				CLANG_CXX_LANGUAGE_STANDARD = "gnu++20";
				CLANG_ENABLE_MODULES = YES;
				CLANG_ENABLE_OBJC_ARC = YES;
				CLANG_ENABLE_OBJC_WEAK = YES;
				CLANG_WARN_BLOCK_CAPTURE_AUTORELEASING = YES;
				CLANG_WARN_BOOL_CONVERSION = YES;
				CLANG_WARN_COMMA = YES;
				CLANG_WARN_CONSTANT_CONVERSION = YES;
				CLANG_WARN_DEPRECATED_OBJC_IMPLEMENTATIONS = YES;
				CLANG_WARN_DIRECT_OBJC_ISA_USAGE = YES_ERROR;
				CLANG_WARN_DOCUMENTATION_COMMENTS = YES;
				CLANG_WARN_EMPTY_BODY = YES;
				CLANG_WARN_ENUM_CONVERSION = YES;
				CLANG_WARN_INFINITE_RECURSION = YES;
				CLANG_WARN_INT_CONVERSION = YES;
				CLANG_WARN_NON_LITERAL_NULL_CONVERSION = YES;
				CLANG_WARN_OBJC_IMPLICIT_RETAIN_SELF = YES;
				CLANG_WARN_OBJC_LITERAL_CONVERSION = YES;
				CLANG_WARN_OBJC_ROOT_CLASS = YES_ERROR;
				CLANG_WARN_QUOTED_INCLUDE_IN_FRAMEWORK_HEADER = YES;
				CLANG_WARN_RANGE_LOOP_ANALYSIS = YES;
				CLANG_WARN_STRICT_PROTOTYPES = YES;
				CLANG_WARN_SUSPICIOUS_MOVE = YES;
				CLANG_WARN_UNGUARDED_AVAILABILITY = YES_AGGRESSIVE;
				CLANG_WARN_UNREACHABLE_CODE = YES;
				CLANG_WARN__DUPLICATE_METHOD_MATCH = YES;
				COPY_PHASE_STRIP = NO;
				DEBUG_INFORMATION_FORMAT = "dwarf-with-dsym";
				ENABLE_NS_ASSERTIONS = NO;
				ENABLE_STRICT_OBJC_MSGSEND = YES;
				GCC_C_LANGUAGE_STANDARD = gnu11;
				GCC_NO_COMMON_BLOCKS = YES;
				GCC_WARN_64_TO_32_BIT_CONVERSION = YES;
				GCC_WARN_ABOUT_RETURN_TYPE = YES_ERROR;
				GCC_WARN_UNDECLARED_SELECTOR = YES;
				GCC_WARN_UNINITIALIZED_AUTOS = YES_AGGRESSIVE;
				GCC_WARN_UNUSED_FUNCTION = YES;
				GCC_WARN_UNUSED_VARIABLE = YES;
				IPHONEOS_DEPLOYMENT_TARGET = 16.4;
				MTL_ENABLE_DEBUG_INFO = NO;
				MTL_FAST_MATH = YES;
				SDKROOT = iphoneos;
				SWIFT_COMPILATION_MODE = wholemodule;
				SWIFT_OPTIMIZATION_LEVEL = "-O";
				VALIDATE_PRODUCT = YES;
			};
			name = Release;
		};
		159F57E52A18B59400C724C6 /* Debug */ = {
			isa = XCBuildConfiguration;
			baseConfigurationReference = A8E61C6924B08BC94891C0C7 /* Pods-WEB3APP.debug.xcconfig */;
			buildSettings = {
				ASSETCATALOG_COMPILER_APPICON_NAME = AppIcon;
				ASSETCATALOG_COMPILER_GLOBAL_ACCENT_COLOR_NAME = AccentColor;
				CODE_SIGN_STYLE = Automatic;
				CURRENT_PROJECT_VERSION = 1;
				DEVELOPMENT_ASSET_PATHS = "\"WEB3APP/Preview Content\"";
				DEVELOPMENT_TEAM = WX7Z7T8KYD;
				ENABLE_PREVIEWS = YES;
				GENERATE_INFOPLIST_FILE = YES;
				INFOPLIST_KEY_UIApplicationSceneManifest_Generation = YES;
				INFOPLIST_KEY_UIApplicationSupportsIndirectInputEvents = YES;
				INFOPLIST_KEY_UILaunchScreen_Generation = YES;
				INFOPLIST_KEY_UISupportedInterfaceOrientations_iPad = "UIInterfaceOrientationPortrait UIInterfaceOrientationPortraitUpsideDown UIInterfaceOrientationLandscapeLeft UIInterfaceOrientationLandscapeRight";
				INFOPLIST_KEY_UISupportedInterfaceOrientations_iPhone = "UIInterfaceOrientationPortrait UIInterfaceOrientationLandscapeLeft UIInterfaceOrientationLandscapeRight";
				LD_RUNPATH_SEARCH_PATHS = (
					"$(inherited)",
					"@executable_path/Frameworks",
				);
				MARKETING_VERSION = 1.0;
				PRODUCT_BUNDLE_IDENTIFIER = timur.web3app;
				PRODUCT_NAME = "$(TARGET_NAME)";
				SWIFT_EMIT_LOC_STRINGS = YES;
				SWIFT_VERSION = 5.0;
				TARGETED_DEVICE_FAMILY = "1,2";
			};
			name = Debug;
		};
		159F57E62A18B59400C724C6 /* Release */ = {
			isa = XCBuildConfiguration;
			baseConfigurationReference = C6191FE5F49206CD2A30741D /* Pods-WEB3APP.release.xcconfig */;
			buildSettings = {
				ASSETCATALOG_COMPILER_APPICON_NAME = AppIcon;
				ASSETCATALOG_COMPILER_GLOBAL_ACCENT_COLOR_NAME = AccentColor;
				CODE_SIGN_STYLE = Automatic;
				CURRENT_PROJECT_VERSION = 1;
				DEVELOPMENT_ASSET_PATHS = "\"WEB3APP/Preview Content\"";
				DEVELOPMENT_TEAM = WX7Z7T8KYD;
				ENABLE_PREVIEWS = YES;
				GENERATE_INFOPLIST_FILE = YES;
				INFOPLIST_KEY_UIApplicationSceneManifest_Generation = YES;
				INFOPLIST_KEY_UIApplicationSupportsIndirectInputEvents = YES;
				INFOPLIST_KEY_UILaunchScreen_Generation = YES;
				INFOPLIST_KEY_UISupportedInterfaceOrientations_iPad = "UIInterfaceOrientationPortrait UIInterfaceOrientationPortraitUpsideDown UIInterfaceOrientationLandscapeLeft UIInterfaceOrientationLandscapeRight";
				INFOPLIST_KEY_UISupportedInterfaceOrientations_iPhone = "UIInterfaceOrientationPortrait UIInterfaceOrientationLandscapeLeft UIInterfaceOrientationLandscapeRight";
				LD_RUNPATH_SEARCH_PATHS = (
					"$(inherited)",
					"@executable_path/Frameworks",
				);
				MARKETING_VERSION = 1.0;
				PRODUCT_BUNDLE_IDENTIFIER = timur.web3app;
				PRODUCT_NAME = "$(TARGET_NAME)";
				SWIFT_EMIT_LOC_STRINGS = YES;
				SWIFT_VERSION = 5.0;
				TARGETED_DEVICE_FAMILY = "1,2";
			};
			name = Release;
		};
/* End XCBuildConfiguration section */

/* Begin XCConfigurationList section */
		159F57D12A18B59200C724C6 /* Build configuration list for PBXProject "WEB3APP" */ = {
			isa = XCConfigurationList;
			buildConfigurations = (
				159F57E22A18B59400C724C6 /* Debug */,
				159F57E32A18B59400C724C6 /* Release */,
			);
			defaultConfigurationIsVisible = 0;
			defaultConfigurationName = Release;
		};
		159F57E42A18B59400C724C6 /* Build configuration list for PBXNativeTarget "WEB3APP" */ = {
			isa = XCConfigurationList;
			buildConfigurations = (
				159F57E52A18B59400C724C6 /* Debug */,
				159F57E62A18B59400C724C6 /* Release */,
			);
			defaultConfigurationIsVisible = 0;
			defaultConfigurationName = Release;
		};
/* End XCConfigurationList section */

/* Begin XCRemoteSwiftPackageReference section */
		158A51FB2A19960200C05930 /* XCRemoteSwiftPackageReference "SDWebImageSwiftUI" */ = {
			isa = XCRemoteSwiftPackageReference;
			repositoryURL = "https://github.com/SDWebImage/SDWebImageSwiftUI";
			requirement = {
				kind = upToNextMajorVersion;
				minimumVersion = 2.0.0;
			};
		};
		39A2D35E2A19123100386B94 /* XCRemoteSwiftPackageReference "WalletConnectSwift" */ = {
			isa = XCRemoteSwiftPackageReference;
			repositoryURL = "https://github.com/penachett/WalletConnectSwift";
			requirement = {
				kind = upToNextMajorVersion;
				minimumVersion = 1.0.0;
			};
		};
/* End XCRemoteSwiftPackageReference section */

/* Begin XCSwiftPackageProductDependency section */
		158A51FC2A19960200C05930 /* SDWebImageSwiftUI */ = {
			isa = XCSwiftPackageProductDependency;
			package = 158A51FB2A19960200C05930 /* XCRemoteSwiftPackageReference "SDWebImageSwiftUI" */;
			productName = SDWebImageSwiftUI;
		};
		39A2D35F2A19123100386B94 /* WalletConnectSwift */ = {
			isa = XCSwiftPackageProductDependency;
			package = 39A2D35E2A19123100386B94 /* XCRemoteSwiftPackageReference "WalletConnectSwift" */;
			productName = WalletConnectSwift;
		};
/* End XCSwiftPackageProductDependency section */
	};
	rootObject = 159F57CE2A18B59200C724C6 /* Project object */;
}
